
Microsoft Visual Studio Solution File, Format Version 12.00
Project("{FAE04EC0-301F-11D3-BF4B-00C04F79EFBC}") = "WebApi", "WebApi\WebApi.csproj", "{27327514-C7C4-4AC5-81C7-3D820264697C}"
EndProject
Project("{FAE04EC0-301F-11D3-BF4B-00C04F79EFBC}") = "Application", "Application\Application.csproj", "{71B79826-31C4-4EB3-B936-91FAB69A6736}"
EndProject
Project("{2150E333-8FDC-42A3-9474-1A3956D46DE8}") = "Services", "Services", "{8DF231DC-43E6-46DA-987D-0D2F46A52FA8}"
EndProject
Global
	GlobalSection(SolutionConfigurationPlatforms) = preSolution
		Debug|Any CPU = Debug|Any CPU
		Release|Any CPU = Release|Any CPU
	EndGlobalSection
	GlobalSection(ProjectConfigurationPlatforms) = postSolution
		{27327514-C7C4-4AC5-81C7-3D820264697C}.Debug|Any CPU.ActiveCfg = Debug|Any CPU
		{27327514-C7C4-4AC5-81C7-3D820264697C}.Debug|Any CPU.Build.0 = Debug|Any CPU
		{27327514-C7C4-4AC5-81C7-3D820264697C}.Release|Any CPU.ActiveCfg = Release|Any CPU
		{27327514-C7C4-4AC5-81C7-3D820264697C}.Release|Any CPU.Build.0 = Release|Any CPU
		{71B79826-31C4-4EB3-B936-91FAB69A6736}.Debug|Any CPU.ActiveCfg = Debug|Any CPU
		{71B79826-31C4-4EB3-B936-91FAB69A6736}.Debug|Any CPU.Build.0 = Debug|Any CPU
		{71B79826-31C4-4EB3-B936-91FAB69A6736}.Release|Any CPU.ActiveCfg = Release|Any CPU
		{71B79826-31C4-4EB3-B936-91FAB69A6736}.Release|Any CPU.Build.0 = Release|Any CPU
	EndGlobalSection
	GlobalSection(NestedProjects) = preSolution
		{71B79826-31C4-4EB3-B936-91FAB69A6736} = {8DF231DC-43E6-46DA-987D-0D2F46A52FA8}
		{27327514-C7C4-4AC5-81C7-3D820264697C} = {8DF231DC-43E6-46DA-987D-0D2F46A52FA8}
	EndGlobalSection
EndGlobal
